
Microsoft Visual Studio Solution File, Format Version 12.00
# Visual Studio Version 16
VisualStudioVersion = 16.0.31321.278
MinimumVisualStudioVersion = 10.0.40219.1
Project("{FAE04EC0-301F-11D3-BF4B-00C04F79EFBC}") = "Thorg Installer", "Thorg Installer.csproj", "{8B1AB0AC-A607-402D-8D3E-D5E7601F3DE9}"
EndProject
Global
	GlobalSection(SolutionConfigurationPlatforms) = preSolution
		Debug|Any CPU = Debug|Any CPU
		Release|Any CPU = Release|Any CPU
	EndGlobalSection
	GlobalSection(ProjectConfigurationPlatforms) = postSolution
		{8B1AB0AC-A607-402D-8D3E-D5E7601F3DE9}.Debug|Any CPU.ActiveCfg = Debug|x64
		{8B1AB0AC-A607-402D-8D3E-D5E7601F3DE9}.Debug|Any CPU.Build.0 = Debug|x64
		{8B1AB0AC-A607-402D-8D3E-D5E7601F3DE9}.Release|Any CPU.ActiveCfg = Release|Any CPU
		{8B1AB0AC-A607-402D-8D3E-D5E7601F3DE9}.Release|Any CPU.Build.0 = Release|Any CPU
	EndGlobalSection
	GlobalSection(SolutionProperties) = preSolution
		HideSolutionNode = FALSE
	EndGlobalSection
	GlobalSection(ExtensibilityGlobals) = postSolution
		SolutionGuid = {F4324D43-61AE-4AAE-8710-98DD7BE24706}
	EndGlobalSection
EndGlobal
